// !$*UTF8*$!
{
	archiveVersion = 1;
	classes = {
	};
	objectVersion = 50;
	objects = {

/* Begin PBXBuildFile section */
		2239945C252335DB0047232F /* Board.swift in Sources */ = {isa = PBXBuildFile; fileRef = 2239945B252335DB0047232F /* Board.swift */; };
		2239946425235E8D0047232F /* Strategist.swift in Sources */ = {isa = PBXBuildFile; fileRef = 2239946325235E8D0047232F /* Strategist.swift */; };
		22CB485725231A6C000413E0 /* tictacTestApp.swift in Sources */ = {isa = PBXBuildFile; fileRef = 22CB485625231A6C000413E0 /* tictacTestApp.swift */; };
		22CB485925231A6C000413E0 /* ContentView.swift in Sources */ = {isa = PBXBuildFile; fileRef = 22CB485825231A6C000413E0 /* ContentView.swift */; };
		22CB485B25231A6C000413E0 /* Assets.xcassets in Resources */ = {isa = PBXBuildFile; fileRef = 22CB485A25231A6C000413E0 /* Assets.xcassets */; };
		22CB485E25231A6C000413E0 /* Preview Assets.xcassets in Resources */ = {isa = PBXBuildFile; fileRef = 22CB485D25231A6C000413E0 /* Preview Assets.xcassets */; };
		22CB486925231A6D000413E0 /* tictacTestTests.swift in Sources */ = {isa = PBXBuildFile; fileRef = 22CB486825231A6D000413E0 /* tictacTestTests.swift */; };
		22CB487425231A6D000413E0 /* tictacTestUITests.swift in Sources */ = {isa = PBXBuildFile; fileRef = 22CB487325231A6D000413E0 /* tictacTestUITests.swift */; };
		22CB488625231ACD000413E0 /* Player.swift in Sources */ = {isa = PBXBuildFile; fileRef = 22CB488525231ACD000413E0 /* Player.swift */; };
/* End PBXBuildFile section */

/* Begin PBXContainerItemProxy section */
		22CB486525231A6D000413E0 /* PBXContainerItemProxy */ = {
			isa = PBXContainerItemProxy;
			containerPortal = 22CB484B25231A6C000413E0 /* Project object */;
			proxyType = 1;
			remoteGlobalIDString = 22CB485225231A6C000413E0;
			remoteInfo = tictacTest;
		};
		22CB487025231A6D000413E0 /* PBXContainerItemProxy */ = {
			isa = PBXContainerItemProxy;
			containerPortal = 22CB484B25231A6C000413E0 /* Project object */;
			proxyType = 1;
			remoteGlobalIDString = 22CB485225231A6C000413E0;
			remoteInfo = tictacTest;
		};
/* End PBXContainerItemProxy section */

/* Begin PBXFileReference section */
		2239945B252335DB0047232F /* Board.swift */ = {isa = PBXFileReference; lastKnownFileType = sourcecode.swift; path = Board.swift; sourceTree = "<group>"; };
		2239946325235E8D0047232F /* Strategist.swift */ = {isa = PBXFileReference; lastKnownFileType = sourcecode.swift; path = Strategist.swift; sourceTree = "<group>"; };
		22CB485325231A6C000413E0 /* tictacTest.app */ = {isa = PBXFileReference; explicitFileType = wrapper.application; includeInIndex = 0; path = tictacTest.app; sourceTree = BUILT_PRODUCTS_DIR; };
		22CB485625231A6C000413E0 /* tictacTestApp.swift */ = {isa = PBXFileReference; lastKnownFileType = sourcecode.swift; path = tictacTestApp.swift; sourceTree = "<group>"; };
		22CB485825231A6C000413E0 /* ContentView.swift */ = {isa = PBXFileReference; lastKnownFileType = sourcecode.swift; path = ContentView.swift; sourceTree = "<group>"; };
		22CB485A25231A6C000413E0 /* Assets.xcassets */ = {isa = PBXFileReference; lastKnownFileType = folder.assetcatalog; path = Assets.xcassets; sourceTree = "<group>"; };
		22CB485D25231A6C000413E0 /* Preview Assets.xcassets */ = {isa = PBXFileReference; lastKnownFileType = folder.assetcatalog; path = "Preview Assets.xcassets"; sourceTree = "<group>"; };
		22CB485F25231A6C000413E0 /* Info.plist */ = {isa = PBXFileReference; lastKnownFileType = text.plist.xml; path = Info.plist; sourceTree = "<group>"; };
		22CB486425231A6D000413E0 /* tictacTestTests.xctest */ = {isa = PBXFileReference; explicitFileType = wrapper.cfbundle; includeInIndex = 0; path = tictacTestTests.xctest; sourceTree = BUILT_PRODUCTS_DIR; };
		22CB486825231A6D000413E0 /* tictacTestTests.swift */ = {isa = PBXFileReference; lastKnownFileType = sourcecode.swift; path = tictacTestTests.swift; sourceTree = "<group>"; };
		22CB486A25231A6D000413E0 /* Info.plist */ = {isa = PBXFileReference; lastKnownFileType = text.plist.xml; path = Info.plist; sourceTree = "<group>"; };
		22CB486F25231A6D000413E0 /* tictacTestUITests.xctest */ = {isa = PBXFileReference; explicitFileType = wrapper.cfbundle; includeInIndex = 0; path = tictacTestUITests.xctest; sourceTree = BUILT_PRODUCTS_DIR; };
		22CB487325231A6D000413E0 /* tictacTestUITests.swift */ = {isa = PBXFileReference; lastKnownFileType = sourcecode.swift; path = tictacTestUITests.swift; sourceTree = "<group>"; };
		22CB487525231A6D000413E0 /* Info.plist */ = {isa = PBXFileReference; lastKnownFileType = text.plist.xml; path = Info.plist; sourceTree = "<group>"; };
		22CB488525231ACD000413E0 /* Player.swift */ = {isa = PBXFileReference; lastKnownFileType = sourcecode.swift; path = Player.swift; sourceTree = "<group>"; };
/* End PBXFileReference section */

/* Begin PBXFrameworksBuildPhase section */
		22CB485025231A6C000413E0 /* Frameworks */ = {
			isa = PBXFrameworksBuildPhase;
			buildActionMask = 2147483647;
			files = (
			);
			runOnlyForDeploymentPostprocessing = 0;
		};
		22CB486125231A6D000413E0 /* Frameworks */ = {
			isa = PBXFrameworksBuildPhase;
			buildActionMask = 2147483647;
			files = (
			);
			runOnlyForDeploymentPostprocessing = 0;
		};
		22CB486C25231A6D000413E0 /* Frameworks */ = {
			isa = PBXFrameworksBuildPhase;
			buildActionMask = 2147483647;
			files = (
			);
			runOnlyForDeploymentPostprocessing = 0;
		};
/* End PBXFrameworksBuildPhase section */

/* Begin PBXGroup section */
		22CB484A25231A6C000413E0 = {
			isa = PBXGroup;
			children = (
				22CB485525231A6C000413E0 /* tictacTest */,
				22CB486725231A6D000413E0 /* tictacTestTests */,
				22CB487225231A6D000413E0 /* tictacTestUITests */,
				22CB485425231A6C000413E0 /* Products */,
			);
			sourceTree = "<group>";
		};
		22CB485425231A6C000413E0 /* Products */ = {
			isa = PBXGroup;
			children = (
				22CB485325231A6C000413E0 /* tictacTest.app */,
				22CB486425231A6D000413E0 /* tictacTestTests.xctest */,
				22CB486F25231A6D000413E0 /* tictacTestUITests.xctest */,
			);
			name = Products;
			sourceTree = "<group>";
		};
		22CB485525231A6C000413E0 /* tictacTest */ = {
			isa = PBXGroup;
			children = (
				22CB488425231ABD000413E0 /* Game model */,
				22CB485625231A6C000413E0 /* tictacTestApp.swift */,
				22CB485825231A6C000413E0 /* ContentView.swift */,
				22CB485A25231A6C000413E0 /* Assets.xcassets */,
				22CB485F25231A6C000413E0 /* Info.plist */,
				22CB485C25231A6C000413E0 /* Preview Content */,
			);
			path = tictacTest;
			sourceTree = "<group>";
		};
		22CB485C25231A6C000413E0 /* Preview Content */ = {
			isa = PBXGroup;
			children = (
				22CB485D25231A6C000413E0 /* Preview Assets.xcassets */,
			);
			path = "Preview Content";
			sourceTree = "<group>";
		};
		22CB486725231A6D000413E0 /* tictacTestTests */ = {
			isa = PBXGroup;
			children = (
				22CB486825231A6D000413E0 /* tictacTestTests.swift */,
				22CB486A25231A6D000413E0 /* Info.plist */,
			);
			path = tictacTestTests;
			sourceTree = "<group>";
		};
		22CB487225231A6D000413E0 /* tictacTestUITests */ = {
			isa = PBXGroup;
			children = (
				22CB487325231A6D000413E0 /* tictacTestUITests.swift */,
				22CB487525231A6D000413E0 /* Info.plist */,
			);
			path = tictacTestUITests;
			sourceTree = "<group>";
		};
		22CB488425231ABD000413E0 /* Game model */ = {
			isa = PBXGroup;
			children = (
				22CB488525231ACD000413E0 /* Player.swift */,
				2239945B252335DB0047232F /* Board.swift */,
				2239946325235E8D0047232F /* Strategist.swift */,
			);
			path = "Game model";
			sourceTree = "<group>";
		};
/* End PBXGroup section */

/* Begin PBXNativeTarget section */
		22CB485225231A6C000413E0 /* tictacTest */ = {
			isa = PBXNativeTarget;
			buildConfigurationList = 22CB487825231A6D000413E0 /* Build configuration list for PBXNativeTarget "tictacTest" */;
			buildPhases = (
				22CB484F25231A6C000413E0 /* Sources */,
				22CB485025231A6C000413E0 /* Frameworks */,
				22CB485125231A6C000413E0 /* Resources */,
			);
			buildRules = (
			);
			dependencies = (
			);
			name = tictacTest;
			productName = tictacTest;
			productReference = 22CB485325231A6C000413E0 /* tictacTest.app */;
			productType = "com.apple.product-type.application";
		};
		22CB486325231A6D000413E0 /* tictacTestTests */ = {
			isa = PBXNativeTarget;
			buildConfigurationList = 22CB487B25231A6D000413E0 /* Build configuration list for PBXNativeTarget "tictacTestTests" */;
			buildPhases = (
				22CB486025231A6D000413E0 /* Sources */,
				22CB486125231A6D000413E0 /* Frameworks */,
				22CB486225231A6D000413E0 /* Resources */,
			);
			buildRules = (
			);
			dependencies = (
				22CB486625231A6D000413E0 /* PBXTargetDependency */,
			);
			name = tictacTestTests;
			productName = tictacTestTests;
			productReference = 22CB486425231A6D000413E0 /* tictacTestTests.xctest */;
			productType = "com.apple.product-type.bundle.unit-test";
		};
		22CB486E25231A6D000413E0 /* tictacTestUITests */ = {
			isa = PBXNativeTarget;
			buildConfigurationList = 22CB487E25231A6D000413E0 /* Build configuration list for PBXNativeTarget "tictacTestUITests" */;
			buildPhases = (
				22CB486B25231A6D000413E0 /* Sources */,
				22CB486C25231A6D000413E0 /* Frameworks */,
				22CB486D25231A6D000413E0 /* Resources */,
			);
			buildRules = (
			);
			dependencies = (
				22CB487125231A6D000413E0 /* PBXTargetDependency */,
			);
			name = tictacTestUITests;
			productName = tictacTestUITests;
			productReference = 22CB486F25231A6D000413E0 /* tictacTestUITests.xctest */;
			productType = "com.apple.product-type.bundle.ui-testing";
		};
/* End PBXNativeTarget section */

/* Begin PBXProject section */
		22CB484B25231A6C000413E0 /* Project object */ = {
			isa = PBXProject;
			attributes = {
				LastSwiftUpdateCheck = 1200;
				LastUpgradeCheck = 1200;
				TargetAttributes = {
					22CB485225231A6C000413E0 = {
						CreatedOnToolsVersion = 12.0.1;
					};
					22CB486325231A6D000413E0 = {
						CreatedOnToolsVersion = 12.0.1;
						TestTargetID = 22CB485225231A6C000413E0;
					};
					22CB486E25231A6D000413E0 = {
						CreatedOnToolsVersion = 12.0.1;
						TestTargetID = 22CB485225231A6C000413E0;
					};
				};
			};
			buildConfigurationList = 22CB484E25231A6C000413E0 /* Build configuration list for PBXProject "tictacTest" */;
			compatibilityVersion = "Xcode 9.3";
			developmentRegion = en;
			hasScannedForEncodings = 0;
			knownRegions = (
				en,
				Base,
			);
			mainGroup = 22CB484A25231A6C000413E0;
			productRefGroup = 22CB485425231A6C000413E0 /* Products */;
			projectDirPath = "";
			projectRoot = "";
			targets = (
				22CB485225231A6C000413E0 /* tictacTest */,
				22CB486325231A6D000413E0 /* tictacTestTests */,
				22CB486E25231A6D000413E0 /* tictacTestUITests */,
			);
		};
/* End PBXProject section */

/* Begin PBXResourcesBuildPhase section */
		22CB485125231A6C000413E0 /* Resources */ = {
			isa = PBXResourcesBuildPhase;
			buildActionMask = 2147483647;
			files = (
				22CB485E25231A6C000413E0 /* Preview Assets.xcassets in Resources */,
				22CB485B25231A6C000413E0 /* Assets.xcassets in Resources */,
			);
			runOnlyForDeploymentPostprocessing = 0;
		};
		22CB486225231A6D000413E0 /* Resources */ = {
			isa = PBXResourcesBuildPhase;
			buildActionMask = 2147483647;
			files = (
			);
			runOnlyForDeploymentPostprocessing = 0;
		};
		22CB486D25231A6D000413E0 /* Resources */ = {
			isa = PBXResourcesBuildPhase;
			buildActionMask = 2147483647;
			files = (
			);
			runOnlyForDeploymentPostprocessing = 0;
		};
/* End PBXResourcesBuildPhase section */

/* Begin PBXSourcesBuildPhase section */
		22CB484F25231A6C000413E0 /* Sources */ = {
			isa = PBXSourcesBuildPhase;
			buildActionMask = 2147483647;
			files = (
				22CB485925231A6C000413E0 /* ContentView.swift in Sources */,
				22CB488625231ACD000413E0 /* Player.swift in Sources */,
				2239945C252335DB0047232F /* Board.swift in Sources */,
				2239946425235E8D0047232F /* Strategist.swift in Sources */,
				22CB485725231A6C000413E0 /* tictacTestApp.swift in Sources */,
			);
			runOnlyForDeploymentPostprocessing = 0;
		};
		22CB486025231A6D000413E0 /* Sources */ = {
			isa = PBXSourcesBuildPhase;
			buildActionMask = 2147483647;
			files = (
				22CB486925231A6D000413E0 /* tictacTestTests.swift in Sources */,
			);
			runOnlyForDeploymentPostprocessing = 0;
		};
		22CB486B25231A6D000413E0 /* Sources */ = {
			isa = PBXSourcesBuildPhase;
			buildActionMask = 2147483647;
			files = (
				22CB487425231A6D000413E0 /* tictacTestUITests.swift in Sources */,
			);
			runOnlyForDeploymentPostprocessing = 0;
		};
/* End PBXSourcesBuildPhase section */

/* Begin PBXTargetDependency section */
		22CB486625231A6D000413E0 /* PBXTargetDependency */ = {
			isa = PBXTargetDependency;
			target = 22CB485225231A6C000413E0 /* tictacTest */;
			targetProxy = 22CB486525231A6D000413E0 /* PBXContainerItemProxy */;
		};
		22CB487125231A6D000413E0 /* PBXTargetDependency */ = {
			isa = PBXTargetDependency;
			target = 22CB485225231A6C000413E0 /* tictacTest */;
			targetProxy = 22CB487025231A6D000413E0 /* PBXContainerItemProxy */;
		};
/* End PBXTargetDependency section */

/* Begin XCBuildConfiguration section */
		22CB487625231A6D000413E0 /* Debug */ = {
			isa = XCBuildConfiguration;
			buildSettings = {
				ALWAYS_SEARCH_USER_PATHS = NO;
				CLANG_ANALYZER_NONNULL = YES;
				CLANG_ANALYZER_NUMBER_OBJECT_CONVERSION = YES_AGGRESSIVE;
				CLANG_CXX_LANGUAGE_STANDARD = "gnu++14";
				CLANG_CXX_LIBRARY = "libc++";
				CLANG_ENABLE_MODULES = YES;
				CLANG_ENABLE_OBJC_ARC = YES;
				CLANG_ENABLE_OBJC_WEAK = YES;
				CLANG_WARN_BLOCK_CAPTURE_AUTORELEASING = YES;
				CLANG_WARN_BOOL_CONVERSION = YES;
				CLANG_WARN_COMMA = YES;
				CLANG_WARN_CONSTANT_CONVERSION = YES;
				CLANG_WARN_DEPRECATED_OBJC_IMPLEMENTATIONS = YES;
				CLANG_WARN_DIRECT_OBJC_ISA_USAGE = YES_ERROR;
				CLANG_WARN_DOCUMENTATION_COMMENTS = YES;
				CLANG_WARN_EMPTY_BODY = YES;
				CLANG_WARN_ENUM_CONVERSION = YES;
				CLANG_WARN_INFINITE_RECURSION = YES;
				CLANG_WARN_INT_CONVERSION = YES;
				CLANG_WARN_NON_LITERAL_NULL_CONVERSION = YES;
				CLANG_WARN_OBJC_IMPLICIT_RETAIN_SELF = YES;
				CLANG_WARN_OBJC_LITERAL_CONVERSION = YES;
				CLANG_WARN_OBJC_ROOT_CLASS = YES_ERROR;
				CLANG_WARN_QUOTED_INCLUDE_IN_FRAMEWORK_HEADER = YES;
				CLANG_WARN_RANGE_LOOP_ANALYSIS = YES;
				CLANG_WARN_STRICT_PROTOTYPES = YES;
				CLANG_WARN_SUSPICIOUS_MOVE = YES;
				CLANG_WARN_UNGUARDED_AVAILABILITY = YES_AGGRESSIVE;
				CLANG_WARN_UNREACHABLE_CODE = YES;
				CLANG_WARN__DUPLICATE_METHOD_MATCH = YES;
				COPY_PHASE_STRIP = NO;
				DEBUG_INFORMATION_FORMAT = dwarf;
				ENABLE_STRICT_OBJC_MSGSEND = YES;
				ENABLE_TESTABILITY = YES;
				GCC_C_LANGUAGE_STANDARD = gnu11;
				GCC_DYNAMIC_NO_PIC = NO;
				GCC_NO_COMMON_BLOCKS = YES;
				GCC_OPTIMIZATION_LEVEL = 0;
				GCC_PREPROCESSOR_DEFINITIONS = (
					"DEBUG=1",
					"$(inherited)",
				);
				GCC_WARN_64_TO_32_BIT_CONVERSION = YES;
				GCC_WARN_ABOUT_RETURN_TYPE = YES_ERROR;
				GCC_WARN_UNDECLARED_SELECTOR = YES;
				GCC_WARN_UNINITIALIZED_AUTOS = YES_AGGRESSIVE;
				GCC_WARN_UNUSED_FUNCTION = YES;
				GCC_WARN_UNUSED_VARIABLE = YES;
				IPHONEOS_DEPLOYMENT_TARGET = 14.0;
				MTL_ENABLE_DEBUG_INFO = INCLUDE_SOURCE;
				MTL_FAST_MATH = YES;
				ONLY_ACTIVE_ARCH = YES;
				SDKROOT = iphoneos;
				SWIFT_ACTIVE_COMPILATION_CONDITIONS = DEBUG;
				SWIFT_OPTIMIZATION_LEVEL = "-Onone";
			};
			name = Debug;
		};
		22CB487725231A6D000413E0 /* Release */ = {
			isa = XCBuildConfiguration;
			buildSettings = {
				ALWAYS_SEARCH_USER_PATHS = NO;
				CLANG_ANALYZER_NONNULL = YES;
				CLANG_ANALYZER_NUMBER_OBJECT_CONVERSION = YES_AGGRESSIVE;
				CLANG_CXX_LANGUAGE_STANDARD = "gnu++14";
				CLANG_CXX_LIBRARY = "libc++";
				CLANG_ENABLE_MODULES = YES;
				CLANG_ENABLE_OBJC_ARC = YES;
				CLANG_ENABLE_OBJC_WEAK = YES;
				CLANG_WARN_BLOCK_CAPTURE_AUTORELEASING = YES;
				CLANG_WARN_BOOL_CONVERSION = YES;
				CLANG_WARN_COMMA = YES;
				CLANG_WARN_CONSTANT_CONVERSION = YES;
				CLANG_WARN_DEPRECATED_OBJC_IMPLEMENTATIONS = YES;
				CLANG_WARN_DIRECT_OBJC_ISA_USAGE = YES_ERROR;
				CLANG_WARN_DOCUMENTATION_COMMENTS = YES;
				CLANG_WARN_EMPTY_BODY = YES;
				CLANG_WARN_ENUM_CONVERSION = YES;
				CLANG_WARN_INFINITE_RECURSION = YES;
				CLANG_WARN_INT_CONVERSION = YES;
				CLANG_WARN_NON_LITERAL_NULL_CONVERSION = YES;
				CLANG_WARN_OBJC_IMPLICIT_RETAIN_SELF = YES;
				CLANG_WARN_OBJC_LITERAL_CONVERSION = YES;
				CLANG_WARN_OBJC_ROOT_CLASS = YES_ERROR;
				CLANG_WARN_QUOTED_INCLUDE_IN_FRAMEWORK_HEADER = YES;
				CLANG_WARN_RANGE_LOOP_ANALYSIS = YES;
				CLANG_WARN_STRICT_PROTOTYPES = YES;
				CLANG_WARN_SUSPICIOUS_MOVE = YES;
				CLANG_WARN_UNGUARDED_AVAILABILITY = YES_AGGRESSIVE;
				CLANG_WARN_UNREACHABLE_CODE = YES;
				CLANG_WARN__DUPLICATE_METHOD_MATCH = YES;
				COPY_PHASE_STRIP = NO;
				DEBUG_INFORMATION_FORMAT = "dwarf-with-dsym";
				ENABLE_NS_ASSERTIONS = NO;
				ENABLE_STRICT_OBJC_MSGSEND = YES;
				GCC_C_LANGUAGE_STANDARD = gnu11;
				GCC_NO_COMMON_BLOCKS = YES;
				GCC_WARN_64_TO_32_BIT_CONVERSION = YES;
				GCC_WARN_ABOUT_RETURN_TYPE = YES_ERROR;
				GCC_WARN_UNDECLARED_SELECTOR = YES;
				GCC_WARN_UNINITIALIZED_AUTOS = YES_AGGRESSIVE;
				GCC_WARN_UNUSED_FUNCTION = YES;
				GCC_WARN_UNUSED_VARIABLE = YES;
				IPHONEOS_DEPLOYMENT_TARGET = 14.0;
				MTL_ENABLE_DEBUG_INFO = NO;
				MTL_FAST_MATH = YES;
				SDKROOT = iphoneos;
				SWIFT_COMPILATION_MODE = wholemodule;
				SWIFT_OPTIMIZATION_LEVEL = "-O";
				VALIDATE_PRODUCT = YES;
			};
			name = Release;
		};
		22CB487925231A6D000413E0 /* Debug */ = {
			isa = XCBuildConfiguration;
			buildSettings = {
				ASSETCATALOG_COMPILER_APPICON_NAME = AppIcon;
				ASSETCATALOG_COMPILER_GLOBAL_ACCENT_COLOR_NAME = AccentColor;
				CODE_SIGN_STYLE = Automatic;
				DEVELOPMENT_ASSET_PATHS = "\"tictacTest/Preview Content\"";
				DEVELOPMENT_TEAM = H45XEQWP7F;
				ENABLE_PREVIEWS = YES;
				INFOPLIST_FILE = tictacTest/Info.plist;
				IPHONEOS_DEPLOYMENT_TARGET = 14.0;
				LD_RUNPATH_SEARCH_PATHS = (
					"$(inherited)",
					"@executable_path/Frameworks",
				);
				PRODUCT_BUNDLE_IDENTIFIER = com.hubosoft.tictac.tictacTest;
				PRODUCT_NAME = "$(TARGET_NAME)";
				SWIFT_VERSION = 5.0;
				TARGETED_DEVICE_FAMILY = "1,2";
			};
			name = Debug;
		};
		22CB487A25231A6D000413E0 /* Release */ = {
			isa = XCBuildConfiguration;
			buildSettings = {
				ASSETCATALOG_COMPILER_APPICON_NAME = AppIcon;
				ASSETCATALOG_COMPILER_GLOBAL_ACCENT_COLOR_NAME = AccentColor;
				CODE_SIGN_STYLE = Automatic;
				DEVELOPMENT_ASSET_PATHS = "\"tictacTest/Preview Content\"";
				DEVELOPMENT_TEAM = H45XEQWP7F;
				ENABLE_PREVIEWS = YES;
				INFOPLIST_FILE = tictacTest/Info.plist;
				IPHONEOS_DEPLOYMENT_TARGET = 14.0;
				LD_RUNPATH_SEARCH_PATHS = (
					"$(inherited)",
					"@executable_path/Frameworks",
				);
				PRODUCT_BUNDLE_IDENTIFIER = com.hubosoft.tictac.tictacTest;
				PRODUCT_NAME = "$(TARGET_NAME)";
				SWIFT_VERSION = 5.0;
				TARGETED_DEVICE_FAMILY = "1,2";
			};
			name = Release;
		};
		22CB487C25231A6D000413E0 /* Debug */ = {
			isa = XCBuildConfiguration;
			buildSettings = {
				ALWAYS_EMBED_SWIFT_STANDARD_LIBRARIES = YES;
				BUNDLE_LOADER = "$(TEST_HOST)";
				CODE_SIGN_STYLE = Automatic;
				DEVELOPMENT_TEAM = H45XEQWP7F;
				INFOPLIST_FILE = tictacTestTests/Info.plist;
				IPHONEOS_DEPLOYMENT_TARGET = 14.0;
				LD_RUNPATH_SEARCH_PATHS = (
					"$(inherited)",
					"@executable_path/Frameworks",
					"@loader_path/Frameworks",
				);
				PRODUCT_BUNDLE_IDENTIFIER = com.hubosoft.tictac.tictacTestTests;
				PRODUCT_NAME = "$(TARGET_NAME)";
				SWIFT_VERSION = 5.0;
				TARGETED_DEVICE_FAMILY = "1,2";
				TEST_HOST = "$(BUILT_PRODUCTS_DIR)/tictacTest.app/tictacTest";
			};
			name = Debug;
		};
		22CB487D25231A6D000413E0 /* Release */ = {
			isa = XCBuildConfiguration;
			buildSettings = {
				ALWAYS_EMBED_SWIFT_STANDARD_LIBRARIES = YES;
				BUNDLE_LOADER = "$(TEST_HOST)";
				CODE_SIGN_STYLE = Automatic;
				DEVELOPMENT_TEAM = H45XEQWP7F;
				INFOPLIST_FILE = tictacTestTests/Info.plist;
				IPHONEOS_DEPLOYMENT_TARGET = 14.0;
				LD_RUNPATH_SEARCH_PATHS = (
					"$(inherited)",
					"@executable_path/Frameworks",
					"@loader_path/Frameworks",
				);
				PRODUCT_BUNDLE_IDENTIFIER = com.hubosoft.tictac.tictacTestTests;
				PRODUCT_NAME = "$(TARGET_NAME)";
				SWIFT_VERSION = 5.0;
				TARGETED_DEVICE_FAMILY = "1,2";
				TEST_HOST = "$(BUILT_PRODUCTS_DIR)/tictacTest.app/tictacTest";
			};
			name = Release;
		};
		22CB487F25231A6D000413E0 /* Debug */ = {
			isa = XCBuildConfiguration;
			buildSettings = {
				ALWAYS_EMBED_SWIFT_STANDARD_LIBRARIES = YES;
				CODE_SIGN_STYLE = Automatic;
				DEVELOPMENT_TEAM = H45XEQWP7F;
				INFOPLIST_FILE = tictacTestUITests/Info.plist;
				LD_RUNPATH_SEARCH_PATHS = (
					"$(inherited)",
					"@executable_path/Frameworks",
					"@loader_path/Frameworks",
				);
				PRODUCT_BUNDLE_IDENTIFIER = com.hubosoft.tictac.tictacTestUITests;
				PRODUCT_NAME = "$(TARGET_NAME)";
				SWIFT_VERSION = 5.0;
				TARGETED_DEVICE_FAMILY = "1,2";
				TEST_TARGET_NAME = tictacTest;
			};
			name = Debug;
		};
		22CB488025231A6D000413E0 /* Release */ = {
			isa = XCBuildConfiguration;
			buildSettings = {
				ALWAYS_EMBED_SWIFT_STANDARD_LIBRARIES = YES;
				CODE_SIGN_STYLE = Automatic;
				DEVELOPMENT_TEAM = H45XEQWP7F;
				INFOPLIST_FILE = tictacTestUITests/Info.plist;
				LD_RUNPATH_SEARCH_PATHS = (
					"$(inherited)",
					"@executable_path/Frameworks",
					"@loader_path/Frameworks",
				);
				PRODUCT_BUNDLE_IDENTIFIER = com.hubosoft.tictac.tictacTestUITests;
				PRODUCT_NAME = "$(TARGET_NAME)";
				SWIFT_VERSION = 5.0;
				TARGETED_DEVICE_FAMILY = "1,2";
				TEST_TARGET_NAME = tictacTest;
			};
			name = Release;
		};
/* End XCBuildConfiguration section */

/* Begin XCConfigurationList section */
		22CB484E25231A6C000413E0 /* Build configuration list for PBXProject "tictacTest" */ = {
			isa = XCConfigurationList;
			buildConfigurations = (
				22CB487625231A6D000413E0 /* Debug */,
				22CB487725231A6D000413E0 /* Release */,
			);
			defaultConfigurationIsVisible = 0;
			defaultConfigurationName = Release;
		};
		22CB487825231A6D000413E0 /* Build configuration list for PBXNativeTarget "tictacTest" */ = {
			isa = XCConfigurationList;
			buildConfigurations = (
				22CB487925231A6D000413E0 /* Debug */,
				22CB487A25231A6D000413E0 /* Release */,
			);
			defaultConfigurationIsVisible = 0;
			defaultConfigurationName = Release;
		};
		22CB487B25231A6D000413E0 /* Build configuration list for PBXNativeTarget "tictacTestTests" */ = {
			isa = XCConfigurationList;
			buildConfigurations = (
				22CB487C25231A6D000413E0 /* Debug */,
				22CB487D25231A6D000413E0 /* Release */,
			);
			defaultConfigurationIsVisible = 0;
			defaultConfigurationName = Release;
		};
		22CB487E25231A6D000413E0 /* Build configuration list for PBXNativeTarget "tictacTestUITests" */ = {
			isa = XCConfigurationList;
			buildConfigurations = (
				22CB487F25231A6D000413E0 /* Debug */,
				22CB488025231A6D000413E0 /* Release */,
			);
			defaultConfigurationIsVisible = 0;
			defaultConfigurationName = Release;
		};
/* End XCConfigurationList section */
	};
	rootObject = 22CB484B25231A6C000413E0 /* Project object */;
}
